
Microsoft Visual Studio Solution File, Format Version 12.00
# Visual Studio Version 16
VisualStudioVersion = 16.0.31005.135
MinimumVisualStudioVersion = 10.0.40219.1
Project("{FAE04EC0-301F-11D3-BF4B-00C04F79EFBC}") = "7.hét", "7.hét\7.hét.csproj", "{F203F521-27D3-4036-8887-BC812837DCA6}"
EndProject
Global
	GlobalSection(SolutionConfigurationPlatforms) = preSolution
		Debug|Any CPU = Debug|Any CPU
		Release|Any CPU = Release|Any CPU
	EndGlobalSection
	GlobalSection(ProjectConfigurationPlatforms) = postSolution
		{F203F521-27D3-4036-8887-BC812837DCA6}.Debug|Any CPU.ActiveCfg = Debug|Any CPU
		{F203F521-27D3-4036-8887-BC812837DCA6}.Debug|Any CPU.Build.0 = Debug|Any CPU
		{F203F521-27D3-4036-8887-BC812837DCA6}.Release|Any CPU.ActiveCfg = Release|Any CPU
		{F203F521-27D3-4036-8887-BC812837DCA6}.Release|Any CPU.Build.0 = Release|Any CPU
	EndGlobalSection
	GlobalSection(SolutionProperties) = preSolution
		HideSolutionNode = FALSE
	EndGlobalSection
	GlobalSection(ExtensibilityGlobals) = postSolution
		SolutionGuid = {E48E7C79-3D13-4F44-BE6A-B3805DC9E0A0}
	EndGlobalSection
EndGlobal
